// !$*UTF8*$!
{
	archiveVersion = 1;
	classes = {
	};
	objectVersion = 46;
	objects = {

/* Begin PBXBuildFile section */
		3FDFAE021C61406B0012EC89 /* AppDelegate.swift in Sources */ = {isa = PBXBuildFile; fileRef = 3FDFAE011C61406B0012EC89 /* AppDelegate.swift */; };
		3FDFAE041C61406B0012EC89 /* ViewController.swift in Sources */ = {isa = PBXBuildFile; fileRef = 3FDFAE031C61406B0012EC89 /* ViewController.swift */; };
		3FDFAE071C61406B0012EC89 /* Main.storyboard in Resources */ = {isa = PBXBuildFile; fileRef = 3FDFAE051C61406B0012EC89 /* Main.storyboard */; };
		3FDFAE091C61406B0012EC89 /* Assets.xcassets in Resources */ = {isa = PBXBuildFile; fileRef = 3FDFAE081C61406B0012EC89 /* Assets.xcassets */; };
		3FDFAE0C1C61406B0012EC89 /* LaunchScreen.storyboard in Resources */ = {isa = PBXBuildFile; fileRef = 3FDFAE0A1C61406B0012EC89 /* LaunchScreen.storyboard */; };
		3FDFAE171C61406B0012EC89 /* AccessLocationTests.swift in Sources */ = {isa = PBXBuildFile; fileRef = 3FDFAE161C61406B0012EC89 /* AccessLocationTests.swift */; };
/* End PBXBuildFile section */

/* Begin PBXContainerItemProxy section */
		3FDFAE131C61406B0012EC89 /* PBXContainerItemProxy */ = {
			isa = PBXContainerItemProxy;
			containerPortal = 3FDFADF61C61406B0012EC89 /* Project object */;
			proxyType = 1;
			remoteGlobalIDString = 3FDFADFD1C61406B0012EC89;
			remoteInfo = AccessLocation;
		};
/* End PBXContainerItemProxy section */

/* Begin PBXFileReference section */
		3FDFADFE1C61406B0012EC89 /* AccessLocation.app */ = {isa = PBXFileReference; explicitFileType = wrapper.application; includeInIndex = 0; path = AccessLocation.app; sourceTree = BUILT_PRODUCTS_DIR; };
		3FDFAE011C61406B0012EC89 /* AppDelegate.swift */ = {isa = PBXFileReference; lastKnownFileType = sourcecode.swift; path = AppDelegate.swift; sourceTree = "<group>"; };
		3FDFAE031C61406B0012EC89 /* ViewController.swift */ = {isa = PBXFileReference; lastKnownFileType = sourcecode.swift; path = ViewController.swift; sourceTree = "<group>"; };
		3FDFAE061C61406B0012EC89 /* Base */ = {isa = PBXFileReference; lastKnownFileType = file.storyboard; name = Base; path = Base.lproj/Main.storyboard; sourceTree = "<group>"; };
		3FDFAE081C61406B0012EC89 /* Assets.xcassets */ = {isa = PBXFileReference; lastKnownFileType = folder.assetcatalog; path = Assets.xcassets; sourceTree = "<group>"; };
		3FDFAE0B1C61406B0012EC89 /* Base */ = {isa = PBXFileReference; lastKnownFileType = file.storyboard; name = Base; path = Base.lproj/LaunchScreen.storyboard; sourceTree = "<group>"; };
		3FDFAE0D1C61406B0012EC89 /* Info.plist */ = {isa = PBXFileReference; lastKnownFileType = text.plist.xml; path = Info.plist; sourceTree = "<group>"; };
		3FDFAE121C61406B0012EC89 /* AccessLocationTests.xctest */ = {isa = PBXFileReference; explicitFileType = wrapper.cfbundle; includeInIndex = 0; path = AccessLocationTests.xctest; sourceTree = BUILT_PRODUCTS_DIR; };
		3FDFAE161C61406B0012EC89 /* AccessLocationTests.swift */ = {isa = PBXFileReference; lastKnownFileType = sourcecode.swift; path = AccessLocationTests.swift; sourceTree = "<group>"; };
		3FDFAE181C61406B0012EC89 /* Info.plist */ = {isa = PBXFileReference; lastKnownFileType = text.plist.xml; path = Info.plist; sourceTree = "<group>"; };
/* End PBXFileReference section */

/* Begin PBXFrameworksBuildPhase section */
		3FDFADFB1C61406B0012EC89 /* Frameworks */ = {
			isa = PBXFrameworksBuildPhase;
			buildActionMask = 2147483647;
			files = (
			);
			runOnlyForDeploymentPostprocessing = 0;
		};
		3FDFAE0F1C61406B0012EC89 /* Frameworks */ = {
			isa = PBXFrameworksBuildPhase;
			buildActionMask = 2147483647;
			files = (
			);
			runOnlyForDeploymentPostprocessing = 0;
		};
/* End PBXFrameworksBuildPhase section */

/* Begin PBXGroup section */
		3FDFADF51C61406B0012EC89 = {
			isa = PBXGroup;
			children = (
				3FDFAE001C61406B0012EC89 /* AccessLocation */,
				3FDFAE151C61406B0012EC89 /* AccessLocationTests */,
				3FDFADFF1C61406B0012EC89 /* Products */,
			);
			sourceTree = "<group>";
		};
		3FDFADFF1C61406B0012EC89 /* Products */ = {
			isa = PBXGroup;
			children = (
				3FDFADFE1C61406B0012EC89 /* AccessLocation.app */,
				3FDFAE121C61406B0012EC89 /* AccessLocationTests.xctest */,
			);
			name = Products;
			sourceTree = "<group>";
		};
		3FDFAE001C61406B0012EC89 /* AccessLocation */ = {
			isa = PBXGroup;
			children = (
				3FDFAE011C61406B0012EC89 /* AppDelegate.swift */,
				3FDFAE031C61406B0012EC89 /* ViewController.swift */,
				3FDFAE051C61406B0012EC89 /* Main.storyboard */,
				3FDFAE081C61406B0012EC89 /* Assets.xcassets */,
				3FDFAE0A1C61406B0012EC89 /* LaunchScreen.storyboard */,
				3FDFAE0D1C61406B0012EC89 /* Info.plist */,
			);
			path = AccessLocation;
			sourceTree = "<group>";
		};
		3FDFAE151C61406B0012EC89 /* AccessLocationTests */ = {
			isa = PBXGroup;
			children = (
				3FDFAE161C61406B0012EC89 /* AccessLocationTests.swift */,
				3FDFAE181C61406B0012EC89 /* Info.plist */,
			);
			path = AccessLocationTests;
			sourceTree = "<group>";
		};
/* End PBXGroup section */

/* Begin PBXNativeTarget section */
		3FDFADFD1C61406B0012EC89 /* AccessLocation */ = {
			isa = PBXNativeTarget;
			buildConfigurationList = 3FDFAE1B1C61406B0012EC89 /* Build configuration list for PBXNativeTarget "AccessLocation" */;
			buildPhases = (
				3FDFADFA1C61406B0012EC89 /* Sources */,
				3FDFADFB1C61406B0012EC89 /* Frameworks */,
				3FDFADFC1C61406B0012EC89 /* Resources */,
			);
			buildRules = (
			);
			dependencies = (
			);
			name = AccessLocation;
			productName = AccessLocation;
			productReference = 3FDFADFE1C61406B0012EC89 /* AccessLocation.app */;
			productType = "com.apple.product-type.application";
		};
		3FDFAE111C61406B0012EC89 /* AccessLocationTests */ = {
			isa = PBXNativeTarget;
			buildConfigurationList = 3FDFAE1E1C61406B0012EC89 /* Build configuration list for PBXNativeTarget "AccessLocationTests" */;
			buildPhases = (
				3FDFAE0E1C61406B0012EC89 /* Sources */,
				3FDFAE0F1C61406B0012EC89 /* Frameworks */,
				3FDFAE101C61406B0012EC89 /* Resources */,
			);
			buildRules = (
			);
			dependencies = (
				3FDFAE141C61406B0012EC89 /* PBXTargetDependency */,
			);
			name = AccessLocationTests;
			productName = AccessLocationTests;
			productReference = 3FDFAE121C61406B0012EC89 /* AccessLocationTests.xctest */;
			productType = "com.apple.product-type.bundle.unit-test";
		};
/* End PBXNativeTarget section */

/* Begin PBXProject section */
		3FDFADF61C61406B0012EC89 /* Project object */ = {
			isa = PBXProject;
			attributes = {
				LastSwiftUpdateCheck = 0720;
				LastUpgradeCheck = 0720;
				ORGANIZATIONNAME = Student;
				TargetAttributes = {
					3FDFADFD1C61406B0012EC89 = {
						CreatedOnToolsVersion = 7.2;
						DevelopmentTeam = D993252596;
					};
					3FDFAE111C61406B0012EC89 = {
						CreatedOnToolsVersion = 7.2;
						DevelopmentTeam = D993252596;
						TestTargetID = 3FDFADFD1C61406B0012EC89;
					};
				};
			};
			buildConfigurationList = 3FDFADF91C61406B0012EC89 /* Build configuration list for PBXProject "AccessLocation" */;
			compatibilityVersion = "Xcode 3.2";
			developmentRegion = English;
			hasScannedForEncodings = 0;
			knownRegions = (
				en,
				Base,
			);
			mainGroup = 3FDFADF51C61406B0012EC89;
			productRefGroup = 3FDFADFF1C61406B0012EC89 /* Products */;
			projectDirPath = "";
			projectRoot = "";
			targets = (
				3FDFADFD1C61406B0012EC89 /* AccessLocation */,
				3FDFAE111C61406B0012EC89 /* AccessLocationTests */,
			);
		};
/* End PBXProject section */

/* Begin PBXResourcesBuildPhase section */
		3FDFADFC1C61406B0012EC89 /* Resources */ = {
			isa = PBXResourcesBuildPhase;
			buildActionMask = 2147483647;
			files = (
				3FDFAE0C1C61406B0012EC89 /* LaunchScreen.storyboard in Resources */,
				3FDFAE091C61406B0012EC89 /* Assets.xcassets in Resources */,
				3FDFAE071C61406B0012EC89 /* Main.storyboard in Resources */,
			);
			runOnlyForDeploymentPostprocessing = 0;
		};
		3FDFAE101C61406B0012EC89 /* Resources */ = {
			isa = PBXResourcesBuildPhase;
			buildActionMask = 2147483647;
			files = (
			);
			runOnlyForDeploymentPostprocessing = 0;
		};
/* End PBXResourcesBuildPhase section */

/* Begin PBXSourcesBuildPhase section */
		3FDFADFA1C61406B0012EC89 /* Sources */ = {
			isa = PBXSourcesBuildPhase;
			buildActionMask = 2147483647;
			files = (
				3FDFAE041C61406B0012EC89 /* ViewController.swift in Sources */,
				3FDFAE021C61406B0012EC89 /* AppDelegate.swift in Sources */,
			);
			runOnlyForDeploymentPostprocessing = 0;
		};
		3FDFAE0E1C61406B0012EC89 /* Sources */ = {
			isa = PBXSourcesBuildPhase;
			buildActionMask = 2147483647;
			files = (
				3FDFAE171C61406B0012EC89 /* AccessLocationTests.swift in Sources */,
			);
			runOnlyForDeploymentPostprocessing = 0;
		};
/* End PBXSourcesBuildPhase section */

/* Begin PBXTargetDependency section */
		3FDFAE141C61406B0012EC89 /* PBXTargetDependency */ = {
			isa = PBXTargetDependency;
			target = 3FDFADFD1C61406B0012EC89 /* AccessLocation */;
			targetProxy = 3FDFAE131C61406B0012EC89 /* PBXContainerItemProxy */;
		};
/* End PBXTargetDependency section */

/* Begin PBXVariantGroup section */
		3FDFAE051C61406B0012EC89 /* Main.storyboard */ = {
			isa = PBXVariantGroup;
			children = (
				3FDFAE061C61406B0012EC89 /* Base */,
			);
			name = Main.storyboard;
			sourceTree = "<group>";
		};
		3FDFAE0A1C61406B0012EC89 /* LaunchScreen.storyboard */ = {
			isa = PBXVariantGroup;
			children = (
				3FDFAE0B1C61406B0012EC89 /* Base */,
			);
			name = LaunchScreen.storyboard;
			sourceTree = "<group>";
		};
/* End PBXVariantGroup section */

/* Begin XCBuildConfiguration section */
		3FDFAE191C61406B0012EC89 /* Debug */ = {
			isa = XCBuildConfiguration;
			buildSettings = {
				ALWAYS_SEARCH_USER_PATHS = NO;
				CLANG_CXX_LANGUAGE_STANDARD = "gnu++0x";
				CLANG_CXX_LIBRARY = "libc++";
				CLANG_ENABLE_MODULES = YES;
				CLANG_ENABLE_OBJC_ARC = YES;
				CLANG_WARN_BOOL_CONVERSION = YES;
				CLANG_WARN_CONSTANT_CONVERSION = YES;
				CLANG_WARN_DIRECT_OBJC_ISA_USAGE = YES_ERROR;
				CLANG_WARN_EMPTY_BODY = YES;
				CLANG_WARN_ENUM_CONVERSION = YES;
				CLANG_WARN_INT_CONVERSION = YES;
				CLANG_WARN_OBJC_ROOT_CLASS = YES_ERROR;
				CLANG_WARN_UNREACHABLE_CODE = YES;
				CLANG_WARN__DUPLICATE_METHOD_MATCH = YES;
				"CODE_SIGN_IDENTITY[sdk=iphoneos*]" = "iPhone Developer";
				COPY_PHASE_STRIP = NO;
				DEBUG_INFORMATION_FORMAT = dwarf;
				ENABLE_STRICT_OBJC_MSGSEND = YES;
				ENABLE_TESTABILITY = YES;
				GCC_C_LANGUAGE_STANDARD = gnu99;
				GCC_DYNAMIC_NO_PIC = NO;
				GCC_NO_COMMON_BLOCKS = YES;
				GCC_OPTIMIZATION_LEVEL = 0;
				GCC_PREPROCESSOR_DEFINITIONS = (
					"DEBUG=1",
					"$(inherited)",
				);
				GCC_WARN_64_TO_32_BIT_CONVERSION = YES;
				GCC_WARN_ABOUT_RETURN_TYPE = YES_ERROR;
				GCC_WARN_UNDECLARED_SELECTOR = YES;
				GCC_WARN_UNINITIALIZED_AUTOS = YES_AGGRESSIVE;
				GCC_WARN_UNUSED_FUNCTION = YES;
				GCC_WARN_UNUSED_VARIABLE = YES;
				IPHONEOS_DEPLOYMENT_TARGET = 9.2;
				MTL_ENABLE_DEBUG_INFO = YES;
				ONLY_ACTIVE_ARCH = YES;
				SDKROOT = iphoneos;
				SWIFT_OPTIMIZATION_LEVEL = "-Onone";
				TARGETED_DEVICE_FAMILY = "1,2";
			};
			name = Debug;
		};
		3FDFAE1A1C61406B0012EC89 /* Release */ = {
			isa = XCBuildConfiguration;
			buildSettings = {
				ALWAYS_SEARCH_USER_PATHS = NO;
				CLANG_CXX_LANGUAGE_STANDARD = "gnu++0x";
				CLANG_CXX_LIBRARY = "libc++";
				CLANG_ENABLE_MODULES = YES;
				CLANG_ENABLE_OBJC_ARC = YES;
				CLANG_WARN_BOOL_CONVERSION = YES;
				CLANG_WARN_CONSTANT_CONVERSION = YES;
				CLANG_WARN_DIRECT_OBJC_ISA_USAGE = YES_ERROR;
				CLANG_WARN_EMPTY_BODY = YES;
				CLANG_WARN_ENUM_CONVERSION = YES;
				CLANG_WARN_INT_CONVERSION = YES;
				CLANG_WARN_OBJC_ROOT_CLASS = YES_ERROR;
				CLANG_WARN_UNREACHABLE_CODE = YES;
				CLANG_WARN__DUPLICATE_METHOD_MATCH = YES;
				"CODE_SIGN_IDENTITY[sdk=iphoneos*]" = "iPhone Developer";
				COPY_PHASE_STRIP = NO;
				DEBUG_INFORMATION_FORMAT = "dwarf-with-dsym";
				ENABLE_NS_ASSERTIONS = NO;
				ENABLE_STRICT_OBJC_MSGSEND = YES;
				GCC_C_LANGUAGE_STANDARD = gnu99;
				GCC_NO_COMMON_BLOCKS = YES;
				GCC_WARN_64_TO_32_BIT_CONVERSION = YES;
				GCC_WARN_ABOUT_RETURN_TYPE = YES_ERROR;
				GCC_WARN_UNDECLARED_SELECTOR = YES;
				GCC_WARN_UNINITIALIZED_AUTOS = YES_AGGRESSIVE;
				GCC_WARN_UNUSED_FUNCTION = YES;
				GCC_WARN_UNUSED_VARIABLE = YES;
				IPHONEOS_DEPLOYMENT_TARGET = 9.2;
				MTL_ENABLE_DEBUG_INFO = NO;
				SDKROOT = iphoneos;
				TARGETED_DEVICE_FAMILY = "1,2";
				VALIDATE_PRODUCT = YES;
			};
			name = Release;
		};
		3FDFAE1C1C61406B0012EC89 /* Debug */ = {
			isa = XCBuildConfiguration;
			buildSettings = {
				ASSETCATALOG_COMPILER_APPICON_NAME = AppIcon;
				INFOPLIST_FILE = AccessLocation/Info.plist;
				LD_RUNPATH_SEARCH_PATHS = "$(inherited) @executable_path/Frameworks";
				PRODUCT_BUNDLE_IDENTIFIER = com.example.asingh.AccessLocation;
				PRODUCT_NAME = "$(TARGET_NAME)";
			};
			name = Debug;
		};
		3FDFAE1D1C61406B0012EC89 /* Release */ = {
			isa = XCBuildConfiguration;
			buildSettings = {
				ASSETCATALOG_COMPILER_APPICON_NAME = AppIcon;
				INFOPLIST_FILE = AccessLocation/Info.plist;
				LD_RUNPATH_SEARCH_PATHS = "$(inherited) @executable_path/Frameworks";
				PRODUCT_BUNDLE_IDENTIFIER = com.example.asingh.AccessLocation;
				PRODUCT_NAME = "$(TARGET_NAME)";
			};
			name = Release;
		};
		3FDFAE1F1C61406B0012EC89 /* Debug */ = {
			isa = XCBuildConfiguration;
			buildSettings = {
				BUNDLE_LOADER = "$(TEST_HOST)";
				INFOPLIST_FILE = AccessLocationTests/Info.plist;
				LD_RUNPATH_SEARCH_PATHS = "$(inherited) @executable_path/Frameworks @loader_path/Frameworks";
				PRODUCT_BUNDLE_IDENTIFIER = com.example.asingh.AccessLocationTests;
				PRODUCT_NAME = "$(TARGET_NAME)";
				TEST_HOST = "$(BUILT_PRODUCTS_DIR)/AccessLocation.app/AccessLocation";
			};
			name = Debug;
		};
		3FDFAE201C61406B0012EC89 /* Release */ = {
			isa = XCBuildConfiguration;
			buildSettings = {
				BUNDLE_LOADER = "$(TEST_HOST)";
				INFOPLIST_FILE = AccessLocationTests/Info.plist;
				LD_RUNPATH_SEARCH_PATHS = "$(inherited) @executable_path/Frameworks @loader_path/Frameworks";
				PRODUCT_BUNDLE_IDENTIFIER = com.example.asingh.AccessLocationTests;
				PRODUCT_NAME = "$(TARGET_NAME)";
				TEST_HOST = "$(BUILT_PRODUCTS_DIR)/AccessLocation.app/AccessLocation";
			};
			name = Release;
		};
/* End XCBuildConfiguration section */

/* Begin XCConfigurationList section */
		3FDFADF91C61406B0012EC89 /* Build configuration list for PBXProject "AccessLocation" */ = {
			isa = XCConfigurationList;
			buildConfigurations = (
				3FDFAE191C61406B0012EC89 /* Debug */,
				3FDFAE1A1C61406B0012EC89 /* Release */,
			);
			defaultConfigurationIsVisible = 0;
			defaultConfigurationName = Release;
		};
		3FDFAE1B1C61406B0012EC89 /* Build configuration list for PBXNativeTarget "AccessLocation" */ = {
			isa = XCConfigurationList;
			buildConfigurations = (
				3FDFAE1C1C61406B0012EC89 /* Debug */,
				3FDFAE1D1C61406B0012EC89 /* Release */,
			);
			defaultConfigurationIsVisible = 0;
		};
		3FDFAE1E1C61406B0012EC89 /* Build configuration list for PBXNativeTarget "AccessLocationTests" */ = {
			isa = XCConfigurationList;
			buildConfigurations = (
				3FDFAE1F1C61406B0012EC89 /* Debug */,
				3FDFAE201C61406B0012EC89 /* Release */,
			);
			defaultConfigurationIsVisible = 0;
		};
/* End XCConfigurationList section */
	};
	rootObject = 3FDFADF61C61406B0012EC89 /* Project object */;
}
